
Microsoft Visual Studio Solution File, Format Version 12.00
# Visual Studio 15
Project("{FAE04EC0-301F-11D3-BF4B-00C04F79EFBC}") = "Aka.Library.Data", "Aka.Library.Data.csproj", "{CF39FA0A-042D-4AD4-9DBF-5F5462559815}"
EndProject
Global
	GlobalSection(SolutionConfigurationPlatforms) = preSolution
		Debug|Any CPU = Debug|Any CPU
		Release|Any CPU = Release|Any CPU
	EndGlobalSection
	GlobalSection(ProjectConfigurationPlatforms) = postSolution
		{CF39FA0A-042D-4AD4-9DBF-5F5462559815}.Debug|Any CPU.ActiveCfg = Debug|Any CPU
		{CF39FA0A-042D-4AD4-9DBF-5F5462559815}.Debug|Any CPU.Build.0 = Debug|Any CPU
		{CF39FA0A-042D-4AD4-9DBF-5F5462559815}.Release|Any CPU.ActiveCfg = Release|Any CPU
		{CF39FA0A-042D-4AD4-9DBF-5F5462559815}.Release|Any CPU.Build.0 = Release|Any CPU
	EndGlobalSection
EndGlobal
