
Microsoft Visual Studio Solution File, Format Version 12.00
# Visual Studio 15
Project("{FAE04EC0-301F-11D3-BF4B-00C04F79EFBC}") = "Aka.Library.Api", "Aka.Library.Api.csproj", "{EFFC2777-197D-42DA-9117-6162BD60AFD7}"
EndProject
Project("{FAE04EC0-301F-11D3-BF4B-00C04F79EFBC}") = "Aka.Library.Data", "..\Aka.Library.Data\Aka.Library.Data.csproj", "{CF39FA0A-042D-4AD4-9DBF-5F5462559815}"
EndProject
Global
	GlobalSection(SolutionConfigurationPlatforms) = preSolution
		Debug|Any CPU = Debug|Any CPU
		Release|Any CPU = Release|Any CPU
	EndGlobalSection
	GlobalSection(ProjectConfigurationPlatforms) = postSolution
		{EFFC2777-197D-42DA-9117-6162BD60AFD7}.Debug|Any CPU.ActiveCfg = Debug|Any CPU
		{EFFC2777-197D-42DA-9117-6162BD60AFD7}.Debug|Any CPU.Build.0 = Debug|Any CPU
		{EFFC2777-197D-42DA-9117-6162BD60AFD7}.Release|Any CPU.ActiveCfg = Release|Any CPU
		{EFFC2777-197D-42DA-9117-6162BD60AFD7}.Release|Any CPU.Build.0 = Release|Any CPU
		{CF39FA0A-042D-4AD4-9DBF-5F5462559815}.Debug|Any CPU.ActiveCfg = Debug|Any CPU
		{CF39FA0A-042D-4AD4-9DBF-5F5462559815}.Debug|Any CPU.Build.0 = Debug|Any CPU
		{CF39FA0A-042D-4AD4-9DBF-5F5462559815}.Release|Any CPU.ActiveCfg = Release|Any CPU
		{CF39FA0A-042D-4AD4-9DBF-5F5462559815}.Release|Any CPU.Build.0 = Release|Any CPU
	EndGlobalSection
EndGlobal
